
Microsoft Visual Studio Solution File, Format Version 12.00
Project("{FAE04EC0-301F-11D3-BF4B-00C04F79EFBC}") = "J18n", "J18n\J18n.csproj", "{BCE94FF2-F1F6-4FA8-8742-0BBA04EC8E69}"
EndProject
Project("{FAE04EC0-301F-11D3-BF4B-00C04F79EFBC}") = "J18n.Tests", "J18n.Tests\J18n.Tests.csproj", "{33206F37-7F59-4447-BB40-255C082ED301}"
EndProject
Project("{FAE04EC0-301F-11D3-BF4B-00C04F79EFBC}") = "J18n.Analyzers", "J18n.Analyzers\J18n.Analyzers.csproj", "{C2EA89EB-6B3E-4DF0-8242-76E3F6F8BD33}"
EndProject
Project("{FAE04EC0-301F-11D3-BF4B-00C04F79EFBC}") = "J18n.Analyzers.Tests", "J18n.Analyzers.Tests\J18n.Analyzers.Tests.csproj", "{946BC010-B835-4F5A-862A-AD1D0F57900F}"
EndProject
Project("{FAE04EC0-301F-11D3-BF4B-00C04F79EFBC}") = "J18n.Runner", "J18n.Runner\J18n.Runner.csproj", "{121AC0E3-656E-4FD2-AD52-714ECA0767FC}"
EndProject
Project("{FAE04EC0-301F-11D3-BF4B-00C04F79EFBC}") = "J18n.SourceGenerators", "J18n.SourceGenerators\J18n.SourceGenerators.csproj", "{D5A62278-C11F-42B0-AE36-8196F9D22CB6}"
EndProject
Project("{FAE04EC0-301F-11D3-BF4B-00C04F79EFBC}") = "J18n.SourceGenerators.Tests", "J18n.SourceGenerators.Tests\J18n.SourceGenerators.Tests.csproj", "{7DA467C8-03CE-4DF7-97BA-2706B66B48DD}"
EndProject
Global
	GlobalSection(SolutionConfigurationPlatforms) = preSolution
		Debug|Any CPU = Debug|Any CPU
		Release|Any CPU = Release|Any CPU
	EndGlobalSection
	GlobalSection(ProjectConfigurationPlatforms) = postSolution
		{BCE94FF2-F1F6-4FA8-8742-0BBA04EC8E69}.Debug|Any CPU.ActiveCfg = Debug|Any CPU
		{BCE94FF2-F1F6-4FA8-8742-0BBA04EC8E69}.Debug|Any CPU.Build.0 = Debug|Any CPU
		{BCE94FF2-F1F6-4FA8-8742-0BBA04EC8E69}.Release|Any CPU.ActiveCfg = Release|Any CPU
		{BCE94FF2-F1F6-4FA8-8742-0BBA04EC8E69}.Release|Any CPU.Build.0 = Release|Any CPU
		{33206F37-7F59-4447-BB40-255C082ED301}.Debug|Any CPU.ActiveCfg = Debug|Any CPU
		{33206F37-7F59-4447-BB40-255C082ED301}.Debug|Any CPU.Build.0 = Debug|Any CPU
		{33206F37-7F59-4447-BB40-255C082ED301}.Release|Any CPU.ActiveCfg = Release|Any CPU
		{33206F37-7F59-4447-BB40-255C082ED301}.Release|Any CPU.Build.0 = Release|Any CPU
		{C2EA89EB-6B3E-4DF0-8242-76E3F6F8BD33}.Debug|Any CPU.ActiveCfg = Debug|Any CPU
		{C2EA89EB-6B3E-4DF0-8242-76E3F6F8BD33}.Debug|Any CPU.Build.0 = Debug|Any CPU
		{C2EA89EB-6B3E-4DF0-8242-76E3F6F8BD33}.Release|Any CPU.ActiveCfg = Release|Any CPU
		{C2EA89EB-6B3E-4DF0-8242-76E3F6F8BD33}.Release|Any CPU.Build.0 = Release|Any CPU
		{946BC010-B835-4F5A-862A-AD1D0F57900F}.Debug|Any CPU.ActiveCfg = Debug|Any CPU
		{946BC010-B835-4F5A-862A-AD1D0F57900F}.Debug|Any CPU.Build.0 = Debug|Any CPU
		{946BC010-B835-4F5A-862A-AD1D0F57900F}.Release|Any CPU.ActiveCfg = Release|Any CPU
		{946BC010-B835-4F5A-862A-AD1D0F57900F}.Release|Any CPU.Build.0 = Release|Any CPU
		{121AC0E3-656E-4FD2-AD52-714ECA0767FC}.Debug|Any CPU.ActiveCfg = Debug|Any CPU
		{121AC0E3-656E-4FD2-AD52-714ECA0767FC}.Debug|Any CPU.Build.0 = Debug|Any CPU
		{121AC0E3-656E-4FD2-AD52-714ECA0767FC}.Release|Any CPU.ActiveCfg = Release|Any CPU
		{121AC0E3-656E-4FD2-AD52-714ECA0767FC}.Release|Any CPU.Build.0 = Release|Any CPU
		{D5A62278-C11F-42B0-AE36-8196F9D22CB6}.Debug|Any CPU.ActiveCfg = Debug|Any CPU
		{D5A62278-C11F-42B0-AE36-8196F9D22CB6}.Debug|Any CPU.Build.0 = Debug|Any CPU
		{D5A62278-C11F-42B0-AE36-8196F9D22CB6}.Release|Any CPU.ActiveCfg = Release|Any CPU
		{D5A62278-C11F-42B0-AE36-8196F9D22CB6}.Release|Any CPU.Build.0 = Release|Any CPU
		{7DA467C8-03CE-4DF7-97BA-2706B66B48DD}.Debug|Any CPU.ActiveCfg = Debug|Any CPU
		{7DA467C8-03CE-4DF7-97BA-2706B66B48DD}.Debug|Any CPU.Build.0 = Debug|Any CPU
		{7DA467C8-03CE-4DF7-97BA-2706B66B48DD}.Release|Any CPU.ActiveCfg = Release|Any CPU
		{7DA467C8-03CE-4DF7-97BA-2706B66B48DD}.Release|Any CPU.Build.0 = Release|Any CPU
	EndGlobalSection
EndGlobal
